
Microsoft Visual Studio Solution File, Format Version 12.00
# Visual Studio Version 16
VisualStudioVersion = 16.0.31321.278
MinimumVisualStudioVersion = 10.0.40219.1
Project("{FAE04EC0-301F-11D3-BF4B-00C04F79EFBC}") = "PickNCards", "PickNCards\PickNCards.csproj", "{8E655C5A-9A7F-4913-832A-466DB58E93FB}"
EndProject
Global
	GlobalSection(SolutionConfigurationPlatforms) = preSolution
		Debug|Any CPU = Debug|Any CPU
		Release|Any CPU = Release|Any CPU
	EndGlobalSection
	GlobalSection(ProjectConfigurationPlatforms) = postSolution
		{8E655C5A-9A7F-4913-832A-466DB58E93FB}.Debug|Any CPU.ActiveCfg = Debug|Any CPU
		{8E655C5A-9A7F-4913-832A-466DB58E93FB}.Debug|Any CPU.Build.0 = Debug|Any CPU
		{8E655C5A-9A7F-4913-832A-466DB58E93FB}.Release|Any CPU.ActiveCfg = Release|Any CPU
		{8E655C5A-9A7F-4913-832A-466DB58E93FB}.Release|Any CPU.Build.0 = Release|Any CPU
	EndGlobalSection
	GlobalSection(SolutionProperties) = preSolution
		HideSolutionNode = FALSE
	EndGlobalSection
	GlobalSection(ExtensibilityGlobals) = postSolution
		SolutionGuid = {8862E071-99B4-4D89-9D46-259246D99725}
	EndGlobalSection
EndGlobal
